
Microsoft Visual Studio Solution File, Format Version 12.00
# Visual Studio 15
VisualStudioVersion = 15.0.26730.12
MinimumVisualStudioVersion = 10.0.40219.1
Project("{2150E333-8FDC-42A3-9474-1A3956D46DE8}") = ".nuget", ".nuget", "{0D713936-A87A-4264-B015-BF73C8C1A0E8}"
	ProjectSection(SolutionItems) = preProject
		.nuget\NuGet.Config = .nuget\NuGet.Config
		.nuget\NuGet.exe = .nuget\NuGet.exe
		.nuget\NuGet.targets = .nuget\NuGet.targets
	EndProjectSection
EndProject
Project("{2150E333-8FDC-42A3-9474-1A3956D46DE8}") = "Solution Items", "Solution Items", "{E2CB3E7E-17D4-4E82-9E23-D7B72CADB638}"
	ProjectSection(SolutionItems) = preProject
		..\.gitignore = ..\.gitignore
		..\README.md = ..\README.md
	EndProjectSection
EndProject
Project("{9A19103F-16F7-4668-BE54-9A1E7A4F7556}") = "StandardExtensions", ".\StandardExtensions\StandardExtensions.csproj", "{733B122C-77DC-494F-9102-DE6DAC56936E}"
EndProject
Project("{FAE04EC0-301F-11D3-BF4B-00C04F79EFBC}") = "StandardExtensions.UnitTests", ".\StandardExtensions.UnitTests\StandardExtensions.UnitTests.csproj", "{3B202A60-C692-466B-87CE-52B3A52A9C7B}"
EndProject
Global
	GlobalSection(SolutionConfigurationPlatforms) = preSolution
		Debug|Any CPU = Debug|Any CPU
		Release|Any CPU = Release|Any CPU
	EndGlobalSection
	GlobalSection(ProjectConfigurationPlatforms) = postSolution
		{733B122C-77DC-494F-9102-DE6DAC56936E}.Debug|Any CPU.ActiveCfg = Debug|Any CPU
		{733B122C-77DC-494F-9102-DE6DAC56936E}.Debug|Any CPU.Build.0 = Debug|Any CPU
		{733B122C-77DC-494F-9102-DE6DAC56936E}.Release|Any CPU.ActiveCfg = Release|Any CPU
		{733B122C-77DC-494F-9102-DE6DAC56936E}.Release|Any CPU.Build.0 = Release|Any CPU
		{3B202A60-C692-466B-87CE-52B3A52A9C7B}.Debug|Any CPU.ActiveCfg = Debug|Any CPU
		{3B202A60-C692-466B-87CE-52B3A52A9C7B}.Debug|Any CPU.Build.0 = Debug|Any CPU
		{3B202A60-C692-466B-87CE-52B3A52A9C7B}.Release|Any CPU.ActiveCfg = Release|Any CPU
		{3B202A60-C692-466B-87CE-52B3A52A9C7B}.Release|Any CPU.Build.0 = Release|Any CPU
	EndGlobalSection
	GlobalSection(SolutionProperties) = preSolution
		HideSolutionNode = FALSE
	EndGlobalSection
	GlobalSection(ExtensibilityGlobals) = postSolution
		SolutionGuid = {32B34E56-3E72-41EC-96A6-33CAB125929A}
	EndGlobalSection
EndGlobal
